// !$*UTF8*$!
{
	archiveVersion = 1;
	classes = {
	};
	objectVersion = 55;
	objects = {

/* Begin PBXBuildFile section */
		31255624285E6541002360E2 /* PreviewData.swift in Sources */ = {isa = PBXBuildFile; fileRef = 31255623285E6541002360E2 /* PreviewData.swift */; };
		31255626285E6559002360E2 /* TextExtensions.swift in Sources */ = {isa = PBXBuildFile; fileRef = 31255625285E6559002360E2 /* TextExtensions.swift */; };
		312556282860BB22002360E2 /* CardElement.swift in Sources */ = {isa = PBXBuildFile; fileRef = 312556272860BB22002360E2 /* CardElement.swift */; };
		3125562A2860BB4B002360E2 /* Card.swift in Sources */ = {isa = PBXBuildFile; fileRef = 312556292860BB4B002360E2 /* Card.swift */; };
		3125562C2860BBB0002360E2 /* CardStore.swift in Sources */ = {isa = PBXBuildFile; fileRef = 3125562B2860BBB0002360E2 /* CardStore.swift */; };
		3125562F2860C68D002360E2 /* CardElementView.swift in Sources */ = {isa = PBXBuildFile; fileRef = 3125562E2860C68D002360E2 /* CardElementView.swift */; };
		31255634286114CC002360E2 /* StickerPicker.swift in Sources */ = {isa = PBXBuildFile; fileRef = 31255633286114CC002360E2 /* StickerPicker.swift */; };
		31255636286116D3002360E2 /* Stickers in Resources */ = {isa = PBXBuildFile; fileRef = 31255635286116D3002360E2 /* Stickers */; };
		312556382863AD8C002360E2 /* PhotoPicker.swift in Sources */ = {isa = PBXBuildFile; fileRef = 312556372863AD8C002360E2 /* PhotoPicker.swift */; };
		3125563A2863BC7A002360E2 /* CardDrop.swift in Sources */ = {isa = PBXBuildFile; fileRef = 312556392863BC79002360E2 /* CardDrop.swift */; };
		3126BC50285E1F0400D4FF1B /* CardsApp.swift in Sources */ = {isa = PBXBuildFile; fileRef = 3126BC4F285E1F0400D4FF1B /* CardsApp.swift */; };
		3126BC52285E1F0400D4FF1B /* ContentView.swift in Sources */ = {isa = PBXBuildFile; fileRef = 3126BC51285E1F0400D4FF1B /* ContentView.swift */; };
		3126BC54285E1F0600D4FF1B /* Assets.xcassets in Resources */ = {isa = PBXBuildFile; fileRef = 3126BC53285E1F0600D4FF1B /* Assets.xcassets */; };
		3126BC57285E1F0600D4FF1B /* Preview Assets.xcassets in Resources */ = {isa = PBXBuildFile; fileRef = 3126BC56285E1F0600D4FF1B /* Preview Assets.xcassets */; };
		3126BC5E285E1F5000D4FF1B /* CardsListView.swift in Sources */ = {isa = PBXBuildFile; fileRef = 3126BC5D285E1F5000D4FF1B /* CardsListView.swift */; };
		3126BC60285E200E00D4FF1B /* CardThumbnailView.swift in Sources */ = {isa = PBXBuildFile; fileRef = 3126BC5F285E200E00D4FF1B /* CardThumbnailView.swift */; };
		3126BC62285E205D00D4FF1B /* SingleCardView.swift in Sources */ = {isa = PBXBuildFile; fileRef = 3126BC61285E205D00D4FF1B /* SingleCardView.swift */; };
		3126BC64285E210900D4FF1B /* ViewState.swift in Sources */ = {isa = PBXBuildFile; fileRef = 3126BC63285E210900D4FF1B /* ViewState.swift */; };
		3126BC66285E224800D4FF1B /* CardsView.swift in Sources */ = {isa = PBXBuildFile; fileRef = 3126BC65285E224800D4FF1B /* CardsView.swift */; };
		3126BC68285E25F500D4FF1B /* CardDetailView.swift in Sources */ = {isa = PBXBuildFile; fileRef = 3126BC67285E25F500D4FF1B /* CardDetailView.swift */; };
		3126BC6A285E279100D4FF1B /* CardModal.swift in Sources */ = {isa = PBXBuildFile; fileRef = 3126BC69285E279100D4FF1B /* CardModal.swift */; };
		3126BC6C285E27BC00D4FF1B /* CardBottomToolbar.swift in Sources */ = {isa = PBXBuildFile; fileRef = 3126BC6B285E27BC00D4FF1B /* CardBottomToolbar.swift */; };
		3126BC71285E4CB900D4FF1B /* ResizableView.swift in Sources */ = {isa = PBXBuildFile; fileRef = 3126BC70285E4CB900D4FF1B /* ResizableView.swift */; };
		3126BC73285E4D3500D4FF1B /* Tranform.swift in Sources */ = {isa = PBXBuildFile; fileRef = 3126BC72285E4D3500D4FF1B /* Tranform.swift */; };
		3126BC75285E507000D4FF1B /* Operators.swift in Sources */ = {isa = PBXBuildFile; fileRef = 3126BC74285E507000D4FF1B /* Operators.swift */; };
		3126BC78285E560400D4FF1B /* ViewExtensions.swift in Sources */ = {isa = PBXBuildFile; fileRef = 3126BC77285E560400D4FF1B /* ViewExtensions.swift */; };
		3126BC7B285E5A7000D4FF1B /* Settings.swift in Sources */ = {isa = PBXBuildFile; fileRef = 3126BC7A285E5A7000D4FF1B /* Settings.swift */; };
		3126BC7D285E5BDC00D4FF1B /* ColorExtensions.swift in Sources */ = {isa = PBXBuildFile; fileRef = 3126BC7C285E5BDC00D4FF1B /* ColorExtensions.swift */; };
		3126BC7F285E5D5500D4FF1B /* CardToolbar.swift in Sources */ = {isa = PBXBuildFile; fileRef = 3126BC7E285E5D5500D4FF1B /* CardToolbar.swift */; };
		314DF1FF286B464600586193 /* PencilView.swift in Sources */ = {isa = PBXBuildFile; fileRef = 314DF1FE286B464500586193 /* PencilView.swift */; };
/* End PBXBuildFile section */

/* Begin PBXFileReference section */
		31255623285E6541002360E2 /* PreviewData.swift */ = {isa = PBXFileReference; fileEncoding = 4; lastKnownFileType = sourcecode.swift; path = PreviewData.swift; sourceTree = "<group>"; };
		31255625285E6559002360E2 /* TextExtensions.swift */ = {isa = PBXFileReference; fileEncoding = 4; lastKnownFileType = sourcecode.swift; path = TextExtensions.swift; sourceTree = "<group>"; };
		312556272860BB22002360E2 /* CardElement.swift */ = {isa = PBXFileReference; lastKnownFileType = sourcecode.swift; path = CardElement.swift; sourceTree = "<group>"; };
		312556292860BB4B002360E2 /* Card.swift */ = {isa = PBXFileReference; lastKnownFileType = sourcecode.swift; path = Card.swift; sourceTree = "<group>"; };
		3125562B2860BBB0002360E2 /* CardStore.swift */ = {isa = PBXFileReference; lastKnownFileType = sourcecode.swift; path = CardStore.swift; sourceTree = "<group>"; };
		3125562E2860C68D002360E2 /* CardElementView.swift */ = {isa = PBXFileReference; lastKnownFileType = sourcecode.swift; path = CardElementView.swift; sourceTree = "<group>"; };
		3125563028610EF4002360E2 /* Info.plist */ = {isa = PBXFileReference; lastKnownFileType = text.plist; path = Info.plist; sourceTree = "<group>"; };
		31255633286114CC002360E2 /* StickerPicker.swift */ = {isa = PBXFileReference; lastKnownFileType = sourcecode.swift; path = StickerPicker.swift; sourceTree = "<group>"; };
		31255635286116D3002360E2 /* Stickers */ = {isa = PBXFileReference; lastKnownFileType = folder; name = Stickers; path = "../../../suia-materials-editions-1.0/16-adding-assets-to-your-app/assets/Stickers"; sourceTree = "<group>"; };
		312556372863AD8C002360E2 /* PhotoPicker.swift */ = {isa = PBXFileReference; lastKnownFileType = sourcecode.swift; path = PhotoPicker.swift; sourceTree = "<group>"; };
		312556392863BC79002360E2 /* CardDrop.swift */ = {isa = PBXFileReference; lastKnownFileType = sourcecode.swift; path = CardDrop.swift; sourceTree = "<group>"; };
		3126BC4C285E1F0400D4FF1B /* Cards.app */ = {isa = PBXFileReference; explicitFileType = wrapper.application; includeInIndex = 0; path = Cards.app; sourceTree = BUILT_PRODUCTS_DIR; };
		3126BC4F285E1F0400D4FF1B /* CardsApp.swift */ = {isa = PBXFileReference; lastKnownFileType = sourcecode.swift; path = CardsApp.swift; sourceTree = "<group>"; };
		3126BC51285E1F0400D4FF1B /* ContentView.swift */ = {isa = PBXFileReference; lastKnownFileType = sourcecode.swift; path = ContentView.swift; sourceTree = "<group>"; };
		3126BC53285E1F0600D4FF1B /* Assets.xcassets */ = {isa = PBXFileReference; lastKnownFileType = folder.assetcatalog; path = Assets.xcassets; sourceTree = "<group>"; };
		3126BC56285E1F0600D4FF1B /* Preview Assets.xcassets */ = {isa = PBXFileReference; lastKnownFileType = folder.assetcatalog; path = "Preview Assets.xcassets"; sourceTree = "<group>"; };
		3126BC5D285E1F5000D4FF1B /* CardsListView.swift */ = {isa = PBXFileReference; lastKnownFileType = sourcecode.swift; path = CardsListView.swift; sourceTree = "<group>"; };
		3126BC5F285E200E00D4FF1B /* CardThumbnailView.swift */ = {isa = PBXFileReference; lastKnownFileType = sourcecode.swift; path = CardThumbnailView.swift; sourceTree = "<group>"; };
		3126BC61285E205D00D4FF1B /* SingleCardView.swift */ = {isa = PBXFileReference; lastKnownFileType = sourcecode.swift; path = SingleCardView.swift; sourceTree = "<group>"; };
		3126BC63285E210900D4FF1B /* ViewState.swift */ = {isa = PBXFileReference; lastKnownFileType = sourcecode.swift; path = ViewState.swift; sourceTree = "<group>"; };
		3126BC65285E224800D4FF1B /* CardsView.swift */ = {isa = PBXFileReference; lastKnownFileType = sourcecode.swift; path = CardsView.swift; sourceTree = "<group>"; };
		3126BC67285E25F500D4FF1B /* CardDetailView.swift */ = {isa = PBXFileReference; lastKnownFileType = sourcecode.swift; path = CardDetailView.swift; sourceTree = "<group>"; };
		3126BC69285E279100D4FF1B /* CardModal.swift */ = {isa = PBXFileReference; lastKnownFileType = sourcecode.swift; path = CardModal.swift; sourceTree = "<group>"; };
		3126BC6B285E27BC00D4FF1B /* CardBottomToolbar.swift */ = {isa = PBXFileReference; lastKnownFileType = sourcecode.swift; path = CardBottomToolbar.swift; sourceTree = "<group>"; };
		3126BC70285E4CB900D4FF1B /* ResizableView.swift */ = {isa = PBXFileReference; lastKnownFileType = sourcecode.swift; path = ResizableView.swift; sourceTree = "<group>"; };
		3126BC72285E4D3500D4FF1B /* Tranform.swift */ = {isa = PBXFileReference; lastKnownFileType = sourcecode.swift; path = Tranform.swift; sourceTree = "<group>"; };
		3126BC74285E507000D4FF1B /* Operators.swift */ = {isa = PBXFileReference; lastKnownFileType = sourcecode.swift; path = Operators.swift; sourceTree = "<group>"; };
		3126BC77285E560400D4FF1B /* ViewExtensions.swift */ = {isa = PBXFileReference; lastKnownFileType = sourcecode.swift; path = ViewExtensions.swift; sourceTree = "<group>"; };
		3126BC7A285E5A7000D4FF1B /* Settings.swift */ = {isa = PBXFileReference; lastKnownFileType = sourcecode.swift; path = Settings.swift; sourceTree = "<group>"; };
		3126BC7C285E5BDC00D4FF1B /* ColorExtensions.swift */ = {isa = PBXFileReference; lastKnownFileType = sourcecode.swift; path = ColorExtensions.swift; sourceTree = "<group>"; };
		3126BC7E285E5D5500D4FF1B /* CardToolbar.swift */ = {isa = PBXFileReference; lastKnownFileType = sourcecode.swift; path = CardToolbar.swift; sourceTree = "<group>"; };
		314DF1FE286B464500586193 /* PencilView.swift */ = {isa = PBXFileReference; lastKnownFileType = sourcecode.swift; path = PencilView.swift; sourceTree = "<group>"; };
/* End PBXFileReference section */

/* Begin PBXFrameworksBuildPhase section */
		3126BC49285E1F0400D4FF1B /* Frameworks */ = {
			isa = PBXFrameworksBuildPhase;
			buildActionMask = 2147483647;
			files = (
			);
			runOnlyForDeploymentPostprocessing = 0;
		};
/* End PBXFrameworksBuildPhase section */

/* Begin PBXGroup section */
		3125562D2860C63A002360E2 /* Single Card Views */ = {
			isa = PBXGroup;
			children = (
				31255632286114A7002360E2 /* Card Modal Views */,
				3126BC61285E205D00D4FF1B /* SingleCardView.swift */,
				3126BC67285E25F500D4FF1B /* CardDetailView.swift */,
				3126BC7E285E5D5500D4FF1B /* CardToolbar.swift */,
				3126BC6B285E27BC00D4FF1B /* CardBottomToolbar.swift */,
				3125562E2860C68D002360E2 /* CardElementView.swift */,
			);
			path = "Single Card Views";
			sourceTree = "<group>";
		};
		31255632286114A7002360E2 /* Card Modal Views */ = {
			isa = PBXGroup;
			children = (
				31255633286114CC002360E2 /* StickerPicker.swift */,
				312556372863AD8C002360E2 /* PhotoPicker.swift */,
				314DF1FE286B464500586193 /* PencilView.swift */,
			);
			path = "Card Modal Views";
			sourceTree = "<group>";
		};
		3126BC43285E1F0400D4FF1B = {
			isa = PBXGroup;
			children = (
				3126BC4E285E1F0400D4FF1B /* Cards */,
				3126BC4D285E1F0400D4FF1B /* Products */,
			);
			sourceTree = "<group>";
		};
		3126BC4D285E1F0400D4FF1B /* Products */ = {
			isa = PBXGroup;
			children = (
				3126BC4C285E1F0400D4FF1B /* Cards.app */,
			);
			name = Products;
			sourceTree = "<group>";
		};
		3126BC4E285E1F0400D4FF1B /* Cards */ = {
			isa = PBXGroup;
			children = (
				3125563028610EF4002360E2 /* Info.plist */,
				3126BC4F285E1F0400D4FF1B /* CardsApp.swift */,
				3126BC79285E5A5E00D4FF1B /* Config */,
				3126BC76285E55E700D4FF1B /* Extensions */,
				3126BC6D285E2F8400D4FF1B /* View */,
				3126BC6F285E2FAC00D4FF1B /* Model */,
				3126BC53285E1F0600D4FF1B /* Assets.xcassets */,
				31255635286116D3002360E2 /* Stickers */,
				3126BC55285E1F0600D4FF1B /* Preview Content */,
			);
			path = Cards;
			sourceTree = "<group>";
		};
		3126BC55285E1F0600D4FF1B /* Preview Content */ = {
			isa = PBXGroup;
			children = (
				3126BC56285E1F0600D4FF1B /* Preview Assets.xcassets */,
				31255623285E6541002360E2 /* PreviewData.swift */,
			);
			path = "Preview Content";
			sourceTree = "<group>";
		};
		3126BC6D285E2F8400D4FF1B /* View */ = {
			isa = PBXGroup;
			children = (
				3126BC51285E1F0400D4FF1B /* ContentView.swift */,
				3126BC65285E224800D4FF1B /* CardsView.swift */,
				3126BC5D285E1F5000D4FF1B /* CardsListView.swift */,
				3126BC5F285E200E00D4FF1B /* CardThumbnailView.swift */,
				3126BC70285E4CB900D4FF1B /* ResizableView.swift */,
				3125562D2860C63A002360E2 /* Single Card Views */,
			);
			path = View;
			sourceTree = "<group>";
		};
		3126BC6F285E2FAC00D4FF1B /* Model */ = {
			isa = PBXGroup;
			children = (
				3126BC69285E279100D4FF1B /* CardModal.swift */,
				3126BC72285E4D3500D4FF1B /* Tranform.swift */,
				3126BC63285E210900D4FF1B /* ViewState.swift */,
				312556272860BB22002360E2 /* CardElement.swift */,
				312556292860BB4B002360E2 /* Card.swift */,
				3125562B2860BBB0002360E2 /* CardStore.swift */,
				312556392863BC79002360E2 /* CardDrop.swift */,
			);
			path = Model;
			sourceTree = "<group>";
		};
		3126BC76285E55E700D4FF1B /* Extensions */ = {
			isa = PBXGroup;
			children = (
				31255625285E6559002360E2 /* TextExtensions.swift */,
				3126BC77285E560400D4FF1B /* ViewExtensions.swift */,
				3126BC7C285E5BDC00D4FF1B /* ColorExtensions.swift */,
			);
			path = Extensions;
			sourceTree = "<group>";
		};
		3126BC79285E5A5E00D4FF1B /* Config */ = {
			isa = PBXGroup;
			children = (
				3126BC7A285E5A7000D4FF1B /* Settings.swift */,
				3126BC74285E507000D4FF1B /* Operators.swift */,
			);
			path = Config;
			sourceTree = "<group>";
		};
/* End PBXGroup section */

/* Begin PBXNativeTarget section */
		3126BC4B285E1F0400D4FF1B /* Cards */ = {
			isa = PBXNativeTarget;
			buildConfigurationList = 3126BC5A285E1F0600D4FF1B /* Build configuration list for PBXNativeTarget "Cards" */;
			buildPhases = (
				3126BC48285E1F0400D4FF1B /* Sources */,
				3126BC49285E1F0400D4FF1B /* Frameworks */,
				3126BC4A285E1F0400D4FF1B /* Resources */,
			);
			buildRules = (
			);
			dependencies = (
			);
			name = Cards;
			productName = Cards;
			productReference = 3126BC4C285E1F0400D4FF1B /* Cards.app */;
			productType = "com.apple.product-type.application";
		};
/* End PBXNativeTarget section */

/* Begin PBXProject section */
		3126BC44285E1F0400D4FF1B /* Project object */ = {
			isa = PBXProject;
			attributes = {
				BuildIndependentTargetsInParallel = 1;
				LastSwiftUpdateCheck = 1340;
				LastUpgradeCheck = 1340;
				TargetAttributes = {
					3126BC4B285E1F0400D4FF1B = {
						CreatedOnToolsVersion = 13.4.1;
					};
				};
			};
			buildConfigurationList = 3126BC47285E1F0400D4FF1B /* Build configuration list for PBXProject "Cards" */;
			compatibilityVersion = "Xcode 13.0";
			developmentRegion = en;
			hasScannedForEncodings = 0;
			knownRegions = (
				en,
				Base,
			);
			mainGroup = 3126BC43285E1F0400D4FF1B;
			productRefGroup = 3126BC4D285E1F0400D4FF1B /* Products */;
			projectDirPath = "";
			projectRoot = "";
			targets = (
				3126BC4B285E1F0400D4FF1B /* Cards */,
			);
		};
/* End PBXProject section */

/* Begin PBXResourcesBuildPhase section */
		3126BC4A285E1F0400D4FF1B /* Resources */ = {
			isa = PBXResourcesBuildPhase;
			buildActionMask = 2147483647;
			files = (
				3126BC57285E1F0600D4FF1B /* Preview Assets.xcassets in Resources */,
				31255636286116D3002360E2 /* Stickers in Resources */,
				3126BC54285E1F0600D4FF1B /* Assets.xcassets in Resources */,
			);
			runOnlyForDeploymentPostprocessing = 0;
		};
/* End PBXResourcesBuildPhase section */

/* Begin PBXSourcesBuildPhase section */
		3126BC48285E1F0400D4FF1B /* Sources */ = {
			isa = PBXSourcesBuildPhase;
			buildActionMask = 2147483647;
			files = (
				3126BC7F285E5D5500D4FF1B /* CardToolbar.swift in Sources */,
				3126BC66285E224800D4FF1B /* CardsView.swift in Sources */,
				3126BC52285E1F0400D4FF1B /* ContentView.swift in Sources */,
				3126BC73285E4D3500D4FF1B /* Tranform.swift in Sources */,
				3126BC5E285E1F5000D4FF1B /* CardsListView.swift in Sources */,
				3126BC78285E560400D4FF1B /* ViewExtensions.swift in Sources */,
				3126BC6C285E27BC00D4FF1B /* CardBottomToolbar.swift in Sources */,
				3126BC64285E210900D4FF1B /* ViewState.swift in Sources */,
				312556282860BB22002360E2 /* CardElement.swift in Sources */,
				3125562C2860BBB0002360E2 /* CardStore.swift in Sources */,
				3126BC50285E1F0400D4FF1B /* CardsApp.swift in Sources */,
				3126BC62285E205D00D4FF1B /* SingleCardView.swift in Sources */,
				3125563A2863BC7A002360E2 /* CardDrop.swift in Sources */,
				3126BC7B285E5A7000D4FF1B /* Settings.swift in Sources */,
				3126BC71285E4CB900D4FF1B /* ResizableView.swift in Sources */,
				3126BC75285E507000D4FF1B /* Operators.swift in Sources */,
				3126BC60285E200E00D4FF1B /* CardThumbnailView.swift in Sources */,
				314DF1FF286B464600586193 /* PencilView.swift in Sources */,
				31255624285E6541002360E2 /* PreviewData.swift in Sources */,
				31255634286114CC002360E2 /* StickerPicker.swift in Sources */,
				3125562F2860C68D002360E2 /* CardElementView.swift in Sources */,
				3125562A2860BB4B002360E2 /* Card.swift in Sources */,
				3126BC6A285E279100D4FF1B /* CardModal.swift in Sources */,
				31255626285E6559002360E2 /* TextExtensions.swift in Sources */,
				3126BC68285E25F500D4FF1B /* CardDetailView.swift in Sources */,
				312556382863AD8C002360E2 /* PhotoPicker.swift in Sources */,
				3126BC7D285E5BDC00D4FF1B /* ColorExtensions.swift in Sources */,
			);
			runOnlyForDeploymentPostprocessing = 0;
		};
/* End PBXSourcesBuildPhase section */

/* Begin XCBuildConfiguration section */
		3126BC58285E1F0600D4FF1B /* Debug */ = {
			isa = XCBuildConfiguration;
			buildSettings = {
				ALWAYS_SEARCH_USER_PATHS = NO;
				CLANG_ANALYZER_NONNULL = YES;
				CLANG_ANALYZER_NUMBER_OBJECT_CONVERSION = YES_AGGRESSIVE;
				CLANG_CXX_LANGUAGE_STANDARD = "gnu++17";
				CLANG_ENABLE_MODULES = YES;
				CLANG_ENABLE_OBJC_ARC = YES;
				CLANG_ENABLE_OBJC_WEAK = YES;
				CLANG_WARN_BLOCK_CAPTURE_AUTORELEASING = YES;
				CLANG_WARN_BOOL_CONVERSION = YES;
				CLANG_WARN_COMMA = YES;
				CLANG_WARN_CONSTANT_CONVERSION = YES;
				CLANG_WARN_DEPRECATED_OBJC_IMPLEMENTATIONS = YES;
				CLANG_WARN_DIRECT_OBJC_ISA_USAGE = YES_ERROR;
				CLANG_WARN_DOCUMENTATION_COMMENTS = YES;
				CLANG_WARN_EMPTY_BODY = YES;
				CLANG_WARN_ENUM_CONVERSION = YES;
				CLANG_WARN_INFINITE_RECURSION = YES;
				CLANG_WARN_INT_CONVERSION = YES;
				CLANG_WARN_NON_LITERAL_NULL_CONVERSION = YES;
				CLANG_WARN_OBJC_IMPLICIT_RETAIN_SELF = YES;
				CLANG_WARN_OBJC_LITERAL_CONVERSION = YES;
				CLANG_WARN_OBJC_ROOT_CLASS = YES_ERROR;
				CLANG_WARN_QUOTED_INCLUDE_IN_FRAMEWORK_HEADER = YES;
				CLANG_WARN_RANGE_LOOP_ANALYSIS = YES;
				CLANG_WARN_STRICT_PROTOTYPES = YES;
				CLANG_WARN_SUSPICIOUS_MOVE = YES;
				CLANG_WARN_UNGUARDED_AVAILABILITY = YES_AGGRESSIVE;
				CLANG_WARN_UNREACHABLE_CODE = YES;
				CLANG_WARN__DUPLICATE_METHOD_MATCH = YES;
				COPY_PHASE_STRIP = NO;
				DEBUG_INFORMATION_FORMAT = dwarf;
				ENABLE_STRICT_OBJC_MSGSEND = YES;
				ENABLE_TESTABILITY = YES;
				GCC_C_LANGUAGE_STANDARD = gnu11;
				GCC_DYNAMIC_NO_PIC = NO;
				GCC_NO_COMMON_BLOCKS = YES;
				GCC_OPTIMIZATION_LEVEL = 0;
				GCC_PREPROCESSOR_DEFINITIONS = (
					"DEBUG=1",
					"$(inherited)",
				);
				GCC_WARN_64_TO_32_BIT_CONVERSION = YES;
				GCC_WARN_ABOUT_RETURN_TYPE = YES_ERROR;
				GCC_WARN_UNDECLARED_SELECTOR = YES;
				GCC_WARN_UNINITIALIZED_AUTOS = YES_AGGRESSIVE;
				GCC_WARN_UNUSED_FUNCTION = YES;
				GCC_WARN_UNUSED_VARIABLE = YES;
				IPHONEOS_DEPLOYMENT_TARGET = 15.5;
				MTL_ENABLE_DEBUG_INFO = INCLUDE_SOURCE;
				MTL_FAST_MATH = YES;
				ONLY_ACTIVE_ARCH = YES;
				SDKROOT = iphoneos;
				SWIFT_ACTIVE_COMPILATION_CONDITIONS = DEBUG;
				SWIFT_OPTIMIZATION_LEVEL = "-Onone";
			};
			name = Debug;
		};
		3126BC59285E1F0600D4FF1B /* Release */ = {
			isa = XCBuildConfiguration;
			buildSettings = {
				ALWAYS_SEARCH_USER_PATHS = NO;
				CLANG_ANALYZER_NONNULL = YES;
				CLANG_ANALYZER_NUMBER_OBJECT_CONVERSION = YES_AGGRESSIVE;
				CLANG_CXX_LANGUAGE_STANDARD = "gnu++17";
				CLANG_ENABLE_MODULES = YES;
				CLANG_ENABLE_OBJC_ARC = YES;
				CLANG_ENABLE_OBJC_WEAK = YES;
				CLANG_WARN_BLOCK_CAPTURE_AUTORELEASING = YES;
				CLANG_WARN_BOOL_CONVERSION = YES;
				CLANG_WARN_COMMA = YES;
				CLANG_WARN_CONSTANT_CONVERSION = YES;
				CLANG_WARN_DEPRECATED_OBJC_IMPLEMENTATIONS = YES;
				CLANG_WARN_DIRECT_OBJC_ISA_USAGE = YES_ERROR;
				CLANG_WARN_DOCUMENTATION_COMMENTS = YES;
				CLANG_WARN_EMPTY_BODY = YES;
				CLANG_WARN_ENUM_CONVERSION = YES;
				CLANG_WARN_INFINITE_RECURSION = YES;
				CLANG_WARN_INT_CONVERSION = YES;
				CLANG_WARN_NON_LITERAL_NULL_CONVERSION = YES;
				CLANG_WARN_OBJC_IMPLICIT_RETAIN_SELF = YES;
				CLANG_WARN_OBJC_LITERAL_CONVERSION = YES;
				CLANG_WARN_OBJC_ROOT_CLASS = YES_ERROR;
				CLANG_WARN_QUOTED_INCLUDE_IN_FRAMEWORK_HEADER = YES;
				CLANG_WARN_RANGE_LOOP_ANALYSIS = YES;
				CLANG_WARN_STRICT_PROTOTYPES = YES;
				CLANG_WARN_SUSPICIOUS_MOVE = YES;
				CLANG_WARN_UNGUARDED_AVAILABILITY = YES_AGGRESSIVE;
				CLANG_WARN_UNREACHABLE_CODE = YES;
				CLANG_WARN__DUPLICATE_METHOD_MATCH = YES;
				COPY_PHASE_STRIP = NO;
				DEBUG_INFORMATION_FORMAT = "dwarf-with-dsym";
				ENABLE_NS_ASSERTIONS = NO;
				ENABLE_STRICT_OBJC_MSGSEND = YES;
				GCC_C_LANGUAGE_STANDARD = gnu11;
				GCC_NO_COMMON_BLOCKS = YES;
				GCC_WARN_64_TO_32_BIT_CONVERSION = YES;
				GCC_WARN_ABOUT_RETURN_TYPE = YES_ERROR;
				GCC_WARN_UNDECLARED_SELECTOR = YES;
				GCC_WARN_UNINITIALIZED_AUTOS = YES_AGGRESSIVE;
				GCC_WARN_UNUSED_FUNCTION = YES;
				GCC_WARN_UNUSED_VARIABLE = YES;
				IPHONEOS_DEPLOYMENT_TARGET = 15.5;
				MTL_ENABLE_DEBUG_INFO = NO;
				MTL_FAST_MATH = YES;
				SDKROOT = iphoneos;
				SWIFT_COMPILATION_MODE = wholemodule;
				SWIFT_OPTIMIZATION_LEVEL = "-O";
				VALIDATE_PRODUCT = YES;
			};
			name = Release;
		};
		3126BC5B285E1F0600D4FF1B /* Debug */ = {
			isa = XCBuildConfiguration;
			buildSettings = {
				ASSETCATALOG_COMPILER_APPICON_NAME = AppIcon;
				ASSETCATALOG_COMPILER_GLOBAL_ACCENT_COLOR_NAME = AccentColor;
				CODE_SIGN_STYLE = Automatic;
				CURRENT_PROJECT_VERSION = 1;
				DEVELOPMENT_ASSET_PATHS = "\"Cards/Preview Content\"";
				ENABLE_PREVIEWS = YES;
				GENERATE_INFOPLIST_FILE = YES;
				INFOPLIST_FILE = Cards/Info.plist;
				INFOPLIST_KEY_UIApplicationSceneManifest_Generation = YES;
				INFOPLIST_KEY_UIApplicationSupportsIndirectInputEvents = YES;
				INFOPLIST_KEY_UISupportedInterfaceOrientations_iPad = "UIInterfaceOrientationPortrait UIInterfaceOrientationPortraitUpsideDown UIInterfaceOrientationLandscapeLeft UIInterfaceOrientationLandscapeRight";
				INFOPLIST_KEY_UISupportedInterfaceOrientations_iPhone = "UIInterfaceOrientationPortrait UIInterfaceOrientationLandscapeLeft UIInterfaceOrientationLandscapeRight";
				LD_RUNPATH_SEARCH_PATHS = (
					"$(inherited)",
					"@executable_path/Frameworks",
				);
				MARKETING_VERSION = 1.0;
				PRODUCT_BUNDLE_IDENTIFIER = com.matias.Cards;
				PRODUCT_NAME = "$(TARGET_NAME)";
				SWIFT_EMIT_LOC_STRINGS = YES;
				SWIFT_VERSION = 5.0;
				TARGETED_DEVICE_FAMILY = "1,2";
			};
			name = Debug;
		};
		3126BC5C285E1F0600D4FF1B /* Release */ = {
			isa = XCBuildConfiguration;
			buildSettings = {
				ASSETCATALOG_COMPILER_APPICON_NAME = AppIcon;
				ASSETCATALOG_COMPILER_GLOBAL_ACCENT_COLOR_NAME = AccentColor;
				CODE_SIGN_STYLE = Automatic;
				CURRENT_PROJECT_VERSION = 1;
				DEVELOPMENT_ASSET_PATHS = "\"Cards/Preview Content\"";
				ENABLE_PREVIEWS = YES;
				GENERATE_INFOPLIST_FILE = YES;
				INFOPLIST_FILE = Cards/Info.plist;
				INFOPLIST_KEY_UIApplicationSceneManifest_Generation = YES;
				INFOPLIST_KEY_UIApplicationSupportsIndirectInputEvents = YES;
				INFOPLIST_KEY_UISupportedInterfaceOrientations_iPad = "UIInterfaceOrientationPortrait UIInterfaceOrientationPortraitUpsideDown UIInterfaceOrientationLandscapeLeft UIInterfaceOrientationLandscapeRight";
				INFOPLIST_KEY_UISupportedInterfaceOrientations_iPhone = "UIInterfaceOrientationPortrait UIInterfaceOrientationLandscapeLeft UIInterfaceOrientationLandscapeRight";
				LD_RUNPATH_SEARCH_PATHS = (
					"$(inherited)",
					"@executable_path/Frameworks",
				);
				MARKETING_VERSION = 1.0;
				PRODUCT_BUNDLE_IDENTIFIER = com.matias.Cards;
				PRODUCT_NAME = "$(TARGET_NAME)";
				SWIFT_EMIT_LOC_STRINGS = YES;
				SWIFT_VERSION = 5.0;
				TARGETED_DEVICE_FAMILY = "1,2";
			};
			name = Release;
		};
/* End XCBuildConfiguration section */

/* Begin XCConfigurationList section */
		3126BC47285E1F0400D4FF1B /* Build configuration list for PBXProject "Cards" */ = {
			isa = XCConfigurationList;
			buildConfigurations = (
				3126BC58285E1F0600D4FF1B /* Debug */,
				3126BC59285E1F0600D4FF1B /* Release */,
			);
			defaultConfigurationIsVisible = 0;
			defaultConfigurationName = Release;
		};
		3126BC5A285E1F0600D4FF1B /* Build configuration list for PBXNativeTarget "Cards" */ = {
			isa = XCConfigurationList;
			buildConfigurations = (
				3126BC5B285E1F0600D4FF1B /* Debug */,
				3126BC5C285E1F0600D4FF1B /* Release */,
			);
			defaultConfigurationIsVisible = 0;
			defaultConfigurationName = Release;
		};
/* End XCConfigurationList section */
	};
	rootObject = 3126BC44285E1F0400D4FF1B /* Project object */;
}
